# THIS IS AN AUTOGENERATED FILE. DO NOT EDIT THIS FILE DIRECTLY.
# yarn lockfile v1


react-flip-move@^3.0.5:
  version "3.0.5"
  resolved "https://registry.yarnpkg.com/react-flip-move/-/react-flip-move-3.0.5.tgz#8b87510ad32ebef01ebca94902b445f456bbc0f7"
  integrity sha512-Mf4XpbkUNZy9eu80iXXFIjToDvw+bnHxmKHVoositbMpV87O/EQswnXUqVovRHoTx/F+4dE+p//PyJnAT7OtPA==
